<?xml version="1.0" encoding="UTF-8" standalone="yes" ?>
<CodeBlocks_project_file>
	<FileVersion major="1" minor="6" />
	<Project>
		<Option title="SDL Application" />
		<Option pch_mode="0" />
		<Option compiler="gcc" />
		<Build>
			<Target title="default">
				<Option output="spectre.exe" prefix_auto="0" extension_auto="0" />
				<Option type="0" />
				<Option compiler="gcc" />
				<Option projectResourceIncludeDirsRelation="0" />
			</Target>
		</Build>
		<VirtualTargets>
			<Add alias="All" targets="default;" />
		</VirtualTargets>
		<Linker>
			<Add library="mingw32" />
			<Add library="SDLmain" />
			<Add library="SDL" />
			<Add library="C:/Program Files/CodeBlocks/mingw32/lib/SDL_ttf.lib" />
			<Add library="C:/Program Files/CodeBlocks/mingw32/lib/SDL_image.lib" />
			<Add library="C:/Program Files/CodeBlocks/mingw32/lib/libfmod.a" />
			<Add library="C:/Program Files/CodeBlocks/SDL-1.2.15/lib/libSDL.dll.a" />
			<Add library="C:/Program Files/CodeBlocks/SDL-1.2.15/lib/libSDLmain.a" />
		</Linker>
		<Unit filename="main.c">
			<Option compilerVar="CC" />
		</Unit>
		<Extensions>
			<code_completion />
			<envvars />
			<debugger />
		</Extensions>
	</Project>
</CodeBlocks_project_file>
